// !$*UTF8*$!
{
	archiveVersion = 1;
	classes = {
	};
	objectVersion = 55;
	objects = {

/* Begin PBXBuildFile section */
		32AA37722864469C0046E691 /* AppDelegate.swift in Sources */ = {isa = PBXBuildFile; fileRef = 32AA37712864469C0046E691 /* AppDelegate.swift */; };
		32AA37742864469C0046E691 /* SceneDelegate.swift in Sources */ = {isa = PBXBuildFile; fileRef = 32AA37732864469C0046E691 /* SceneDelegate.swift */; };
		32AA37762864469C0046E691 /* ViewController.swift in Sources */ = {isa = PBXBuildFile; fileRef = 32AA37752864469C0046E691 /* ViewController.swift */; };
		32AA37792864469C0046E691 /* Main.storyboard in Resources */ = {isa = PBXBuildFile; fileRef = 32AA37772864469C0046E691 /* Main.storyboard */; };
		32AA377C2864469C0046E691 /* helloWorld_try1.xcdatamodeld in Sources */ = {isa = PBXBuildFile; fileRef = 32AA377A2864469C0046E691 /* helloWorld_try1.xcdatamodeld */; };
		32AA377E2864469D0046E691 /* Assets.xcassets in Resources */ = {isa = PBXBuildFile; fileRef = 32AA377D2864469D0046E691 /* Assets.xcassets */; };
		32AA37812864469D0046E691 /* LaunchScreen.storyboard in Resources */ = {isa = PBXBuildFile; fileRef = 32AA377F2864469D0046E691 /* LaunchScreen.storyboard */; };
		32AA378C2864469D0046E691 /* helloWorld_try1Tests.swift in Sources */ = {isa = PBXBuildFile; fileRef = 32AA378B2864469D0046E691 /* helloWorld_try1Tests.swift */; };
		32AA37962864469D0046E691 /* helloWorld_try1UITests.swift in Sources */ = {isa = PBXBuildFile; fileRef = 32AA37952864469D0046E691 /* helloWorld_try1UITests.swift */; };
		32AA37982864469D0046E691 /* helloWorld_try1UITestsLaunchTests.swift in Sources */ = {isa = PBXBuildFile; fileRef = 32AA37972864469D0046E691 /* helloWorld_try1UITestsLaunchTests.swift */; };
/* End PBXBuildFile section */

/* Begin PBXContainerItemProxy section */
		32AA37882864469D0046E691 /* PBXContainerItemProxy */ = {
			isa = PBXContainerItemProxy;
			containerPortal = 32AA37662864469C0046E691 /* Project object */;
			proxyType = 1;
			remoteGlobalIDString = 32AA376D2864469C0046E691;
			remoteInfo = helloWorld.try1;
		};
		32AA37922864469D0046E691 /* PBXContainerItemProxy */ = {
			isa = PBXContainerItemProxy;
			containerPortal = 32AA37662864469C0046E691 /* Project object */;
			proxyType = 1;
			remoteGlobalIDString = 32AA376D2864469C0046E691;
			remoteInfo = helloWorld.try1;
		};
/* End PBXContainerItemProxy section */

/* Begin PBXFileReference section */
		32AA376E2864469C0046E691 /* helloWorld.try1.app */ = {isa = PBXFileReference; explicitFileType = wrapper.application; includeInIndex = 0; path = helloWorld.try1.app; sourceTree = BUILT_PRODUCTS_DIR; };
		32AA37712864469C0046E691 /* AppDelegate.swift */ = {isa = PBXFileReference; lastKnownFileType = sourcecode.swift; path = AppDelegate.swift; sourceTree = "<group>"; };
		32AA37732864469C0046E691 /* SceneDelegate.swift */ = {isa = PBXFileReference; lastKnownFileType = sourcecode.swift; path = SceneDelegate.swift; sourceTree = "<group>"; };
		32AA37752864469C0046E691 /* ViewController.swift */ = {isa = PBXFileReference; lastKnownFileType = sourcecode.swift; path = ViewController.swift; sourceTree = "<group>"; };
		32AA37782864469C0046E691 /* Base */ = {isa = PBXFileReference; lastKnownFileType = file.storyboard; name = Base; path = Base.lproj/Main.storyboard; sourceTree = "<group>"; };
		32AA377B2864469C0046E691 /* helloWorld_try1.xcdatamodel */ = {isa = PBXFileReference; lastKnownFileType = wrapper.xcdatamodel; path = helloWorld_try1.xcdatamodel; sourceTree = "<group>"; };
		32AA377D2864469D0046E691 /* Assets.xcassets */ = {isa = PBXFileReference; lastKnownFileType = folder.assetcatalog; path = Assets.xcassets; sourceTree = "<group>"; };
		32AA37802864469D0046E691 /* Base */ = {isa = PBXFileReference; lastKnownFileType = file.storyboard; name = Base; path = Base.lproj/LaunchScreen.storyboard; sourceTree = "<group>"; };
		32AA37822864469D0046E691 /* Info.plist */ = {isa = PBXFileReference; lastKnownFileType = text.plist.xml; path = Info.plist; sourceTree = "<group>"; };
		32AA37872864469D0046E691 /* helloWorld.try1Tests.xctest */ = {isa = PBXFileReference; explicitFileType = wrapper.cfbundle; includeInIndex = 0; path = helloWorld.try1Tests.xctest; sourceTree = BUILT_PRODUCTS_DIR; };
		32AA378B2864469D0046E691 /* helloWorld_try1Tests.swift */ = {isa = PBXFileReference; lastKnownFileType = sourcecode.swift; path = helloWorld_try1Tests.swift; sourceTree = "<group>"; };
		32AA37912864469D0046E691 /* helloWorld.try1UITests.xctest */ = {isa = PBXFileReference; explicitFileType = wrapper.cfbundle; includeInIndex = 0; path = helloWorld.try1UITests.xctest; sourceTree = BUILT_PRODUCTS_DIR; };
		32AA37952864469D0046E691 /* helloWorld_try1UITests.swift */ = {isa = PBXFileReference; lastKnownFileType = sourcecode.swift; path = helloWorld_try1UITests.swift; sourceTree = "<group>"; };
		32AA37972864469D0046E691 /* helloWorld_try1UITestsLaunchTests.swift */ = {isa = PBXFileReference; lastKnownFileType = sourcecode.swift; path = helloWorld_try1UITestsLaunchTests.swift; sourceTree = "<group>"; };
/* End PBXFileReference section */

/* Begin PBXFrameworksBuildPhase section */
		32AA376B2864469C0046E691 /* Frameworks */ = {
			isa = PBXFrameworksBuildPhase;
			buildActionMask = 2147483647;
			files = (
			);
			runOnlyForDeploymentPostprocessing = 0;
		};
		32AA37842864469D0046E691 /* Frameworks */ = {
			isa = PBXFrameworksBuildPhase;
			buildActionMask = 2147483647;
			files = (
			);
			runOnlyForDeploymentPostprocessing = 0;
		};
		32AA378E2864469D0046E691 /* Frameworks */ = {
			isa = PBXFrameworksBuildPhase;
			buildActionMask = 2147483647;
			files = (
			);
			runOnlyForDeploymentPostprocessing = 0;
		};
/* End PBXFrameworksBuildPhase section */

/* Begin PBXGroup section */
		32AA37652864469C0046E691 = {
			isa = PBXGroup;
			children = (
				32AA37702864469C0046E691 /* helloWorld.try1 */,
				32AA378A2864469D0046E691 /* helloWorld.try1Tests */,
				32AA37942864469D0046E691 /* helloWorld.try1UITests */,
				32AA376F2864469C0046E691 /* Products */,
			);
			sourceTree = "<group>";
		};
		32AA376F2864469C0046E691 /* Products */ = {
			isa = PBXGroup;
			children = (
				32AA376E2864469C0046E691 /* helloWorld.try1.app */,
				32AA37872864469D0046E691 /* helloWorld.try1Tests.xctest */,
				32AA37912864469D0046E691 /* helloWorld.try1UITests.xctest */,
			);
			name = Products;
			sourceTree = "<group>";
		};
		32AA37702864469C0046E691 /* helloWorld.try1 */ = {
			isa = PBXGroup;
			children = (
				32AA37712864469C0046E691 /* AppDelegate.swift */,
				32AA37732864469C0046E691 /* SceneDelegate.swift */,
				32AA37752864469C0046E691 /* ViewController.swift */,
				32AA37772864469C0046E691 /* Main.storyboard */,
				32AA377D2864469D0046E691 /* Assets.xcassets */,
				32AA377F2864469D0046E691 /* LaunchScreen.storyboard */,
				32AA37822864469D0046E691 /* Info.plist */,
				32AA377A2864469C0046E691 /* helloWorld_try1.xcdatamodeld */,
			);
			path = helloWorld.try1;
			sourceTree = "<group>";
		};
		32AA378A2864469D0046E691 /* helloWorld.try1Tests */ = {
			isa = PBXGroup;
			children = (
				32AA378B2864469D0046E691 /* helloWorld_try1Tests.swift */,
			);
			path = helloWorld.try1Tests;
			sourceTree = "<group>";
		};
		32AA37942864469D0046E691 /* helloWorld.try1UITests */ = {
			isa = PBXGroup;
			children = (
				32AA37952864469D0046E691 /* helloWorld_try1UITests.swift */,
				32AA37972864469D0046E691 /* helloWorld_try1UITestsLaunchTests.swift */,
			);
			path = helloWorld.try1UITests;
			sourceTree = "<group>";
		};
/* End PBXGroup section */

/* Begin PBXNativeTarget section */
		32AA376D2864469C0046E691 /* helloWorld.try1 */ = {
			isa = PBXNativeTarget;
			buildConfigurationList = 32AA379B2864469D0046E691 /* Build configuration list for PBXNativeTarget "helloWorld.try1" */;
			buildPhases = (
				32AA376A2864469C0046E691 /* Sources */,
				32AA376B2864469C0046E691 /* Frameworks */,
				32AA376C2864469C0046E691 /* Resources */,
			);
			buildRules = (
			);
			dependencies = (
			);
			name = helloWorld.try1;
			productName = helloWorld.try1;
			productReference = 32AA376E2864469C0046E691 /* helloWorld.try1.app */;
			productType = "com.apple.product-type.application";
		};
		32AA37862864469D0046E691 /* helloWorld.try1Tests */ = {
			isa = PBXNativeTarget;
			buildConfigurationList = 32AA379E2864469D0046E691 /* Build configuration list for PBXNativeTarget "helloWorld.try1Tests" */;
			buildPhases = (
				32AA37832864469D0046E691 /* Sources */,
				32AA37842864469D0046E691 /* Frameworks */,
				32AA37852864469D0046E691 /* Resources */,
			);
			buildRules = (
			);
			dependencies = (
				32AA37892864469D0046E691 /* PBXTargetDependency */,
			);
			name = helloWorld.try1Tests;
			productName = helloWorld.try1Tests;
			productReference = 32AA37872864469D0046E691 /* helloWorld.try1Tests.xctest */;
			productType = "com.apple.product-type.bundle.unit-test";
		};
		32AA37902864469D0046E691 /* helloWorld.try1UITests */ = {
			isa = PBXNativeTarget;
			buildConfigurationList = 32AA37A12864469D0046E691 /* Build configuration list for PBXNativeTarget "helloWorld.try1UITests" */;
			buildPhases = (
				32AA378D2864469D0046E691 /* Sources */,
				32AA378E2864469D0046E691 /* Frameworks */,
				32AA378F2864469D0046E691 /* Resources */,
			);
			buildRules = (
			);
			dependencies = (
				32AA37932864469D0046E691 /* PBXTargetDependency */,
			);
			name = helloWorld.try1UITests;
			productName = helloWorld.try1UITests;
			productReference = 32AA37912864469D0046E691 /* helloWorld.try1UITests.xctest */;
			productType = "com.apple.product-type.bundle.ui-testing";
		};
/* End PBXNativeTarget section */

/* Begin PBXProject section */
		32AA37662864469C0046E691 /* Project object */ = {
			isa = PBXProject;
			attributes = {
				BuildIndependentTargetsInParallel = 1;
				LastSwiftUpdateCheck = 1340;
				LastUpgradeCheck = 1340;
				TargetAttributes = {
					32AA376D2864469C0046E691 = {
						CreatedOnToolsVersion = 13.4.1;
					};
					32AA37862864469D0046E691 = {
						CreatedOnToolsVersion = 13.4.1;
						TestTargetID = 32AA376D2864469C0046E691;
					};
					32AA37902864469D0046E691 = {
						CreatedOnToolsVersion = 13.4.1;
						TestTargetID = 32AA376D2864469C0046E691;
					};
				};
			};
			buildConfigurationList = 32AA37692864469C0046E691 /* Build configuration list for PBXProject "helloWorld.try1" */;
			compatibilityVersion = "Xcode 13.0";
			developmentRegion = en;
			hasScannedForEncodings = 0;
			knownRegions = (
				en,
				Base,
			);
			mainGroup = 32AA37652864469C0046E691;
			productRefGroup = 32AA376F2864469C0046E691 /* Products */;
			projectDirPath = "";
			projectRoot = "";
			targets = (
				32AA376D2864469C0046E691 /* helloWorld.try1 */,
				32AA37862864469D0046E691 /* helloWorld.try1Tests */,
				32AA37902864469D0046E691 /* helloWorld.try1UITests */,
			);
		};
/* End PBXProject section */

/* Begin PBXResourcesBuildPhase section */
		32AA376C2864469C0046E691 /* Resources */ = {
			isa = PBXResourcesBuildPhase;
			buildActionMask = 2147483647;
			files = (
				32AA37812864469D0046E691 /* LaunchScreen.storyboard in Resources */,
				32AA377E2864469D0046E691 /* Assets.xcassets in Resources */,
				32AA37792864469C0046E691 /* Main.storyboard in Resources */,
			);
			runOnlyForDeploymentPostprocessing = 0;
		};
		32AA37852864469D0046E691 /* Resources */ = {
			isa = PBXResourcesBuildPhase;
			buildActionMask = 2147483647;
			files = (
			);
			runOnlyForDeploymentPostprocessing = 0;
		};
		32AA378F2864469D0046E691 /* Resources */ = {
			isa = PBXResourcesBuildPhase;
			buildActionMask = 2147483647;
			files = (
			);
			runOnlyForDeploymentPostprocessing = 0;
		};
/* End PBXResourcesBuildPhase section */

/* Begin PBXSourcesBuildPhase section */
		32AA376A2864469C0046E691 /* Sources */ = {
			isa = PBXSourcesBuildPhase;
			buildActionMask = 2147483647;
			files = (
				32AA37762864469C0046E691 /* ViewController.swift in Sources */,
				32AA37722864469C0046E691 /* AppDelegate.swift in Sources */,
				32AA37742864469C0046E691 /* SceneDelegate.swift in Sources */,
				32AA377C2864469C0046E691 /* helloWorld_try1.xcdatamodeld in Sources */,
			);
			runOnlyForDeploymentPostprocessing = 0;
		};
		32AA37832864469D0046E691 /* Sources */ = {
			isa = PBXSourcesBuildPhase;
			buildActionMask = 2147483647;
			files = (
				32AA378C2864469D0046E691 /* helloWorld_try1Tests.swift in Sources */,
			);
			runOnlyForDeploymentPostprocessing = 0;
		};
		32AA378D2864469D0046E691 /* Sources */ = {
			isa = PBXSourcesBuildPhase;
			buildActionMask = 2147483647;
			files = (
				32AA37982864469D0046E691 /* helloWorld_try1UITestsLaunchTests.swift in Sources */,
				32AA37962864469D0046E691 /* helloWorld_try1UITests.swift in Sources */,
			);
			runOnlyForDeploymentPostprocessing = 0;
		};
/* End PBXSourcesBuildPhase section */

/* Begin PBXTargetDependency section */
		32AA37892864469D0046E691 /* PBXTargetDependency */ = {
			isa = PBXTargetDependency;
			target = 32AA376D2864469C0046E691 /* helloWorld.try1 */;
			targetProxy = 32AA37882864469D0046E691 /* PBXContainerItemProxy */;
		};
		32AA37932864469D0046E691 /* PBXTargetDependency */ = {
			isa = PBXTargetDependency;
			target = 32AA376D2864469C0046E691 /* helloWorld.try1 */;
			targetProxy = 32AA37922864469D0046E691 /* PBXContainerItemProxy */;
		};
/* End PBXTargetDependency section */

/* Begin PBXVariantGroup section */
		32AA37772864469C0046E691 /* Main.storyboard */ = {
			isa = PBXVariantGroup;
			children = (
				32AA37782864469C0046E691 /* Base */,
			);
			name = Main.storyboard;
			sourceTree = "<group>";
		};
		32AA377F2864469D0046E691 /* LaunchScreen.storyboard */ = {
			isa = PBXVariantGroup;
			children = (
				32AA37802864469D0046E691 /* Base */,
			);
			name = LaunchScreen.storyboard;
			sourceTree = "<group>";
		};
/* End PBXVariantGroup section */

/* Begin XCBuildConfiguration section */
		32AA37992864469D0046E691 /* Debug */ = {
			isa = XCBuildConfiguration;
			buildSettings = {
				ALWAYS_SEARCH_USER_PATHS = NO;
				CLANG_ANALYZER_NONNULL = YES;
				CLANG_ANALYZER_NUMBER_OBJECT_CONVERSION = YES_AGGRESSIVE;
				CLANG_CXX_LANGUAGE_STANDARD = "gnu++17";
				CLANG_ENABLE_MODULES = YES;
				CLANG_ENABLE_OBJC_ARC = YES;
				CLANG_ENABLE_OBJC_WEAK = YES;
				CLANG_WARN_BLOCK_CAPTURE_AUTORELEASING = YES;
				CLANG_WARN_BOOL_CONVERSION = YES;
				CLANG_WARN_COMMA = YES;
				CLANG_WARN_CONSTANT_CONVERSION = YES;
				CLANG_WARN_DEPRECATED_OBJC_IMPLEMENTATIONS = YES;
				CLANG_WARN_DIRECT_OBJC_ISA_USAGE = YES_ERROR;
				CLANG_WARN_DOCUMENTATION_COMMENTS = YES;
				CLANG_WARN_EMPTY_BODY = YES;
				CLANG_WARN_ENUM_CONVERSION = YES;
				CLANG_WARN_INFINITE_RECURSION = YES;
				CLANG_WARN_INT_CONVERSION = YES;
				CLANG_WARN_NON_LITERAL_NULL_CONVERSION = YES;
				CLANG_WARN_OBJC_IMPLICIT_RETAIN_SELF = YES;
				CLANG_WARN_OBJC_LITERAL_CONVERSION = YES;
				CLANG_WARN_OBJC_ROOT_CLASS = YES_ERROR;
				CLANG_WARN_QUOTED_INCLUDE_IN_FRAMEWORK_HEADER = YES;
				CLANG_WARN_RANGE_LOOP_ANALYSIS = YES;
				CLANG_WARN_STRICT_PROTOTYPES = YES;
				CLANG_WARN_SUSPICIOUS_MOVE = YES;
				CLANG_WARN_UNGUARDED_AVAILABILITY = YES_AGGRESSIVE;
				CLANG_WARN_UNREACHABLE_CODE = YES;
				CLANG_WARN__DUPLICATE_METHOD_MATCH = YES;
				COPY_PHASE_STRIP = NO;
				DEBUG_INFORMATION_FORMAT = dwarf;
				ENABLE_STRICT_OBJC_MSGSEND = YES;
				ENABLE_TESTABILITY = YES;
				GCC_C_LANGUAGE_STANDARD = gnu11;
				GCC_DYNAMIC_NO_PIC = NO;
				GCC_NO_COMMON_BLOCKS = YES;
				GCC_OPTIMIZATION_LEVEL = 0;
				GCC_PREPROCESSOR_DEFINITIONS = (
					"DEBUG=1",
					"$(inherited)",
				);
				GCC_WARN_64_TO_32_BIT_CONVERSION = YES;
				GCC_WARN_ABOUT_RETURN_TYPE = YES_ERROR;
				GCC_WARN_UNDECLARED_SELECTOR = YES;
				GCC_WARN_UNINITIALIZED_AUTOS = YES_AGGRESSIVE;
				GCC_WARN_UNUSED_FUNCTION = YES;
				GCC_WARN_UNUSED_VARIABLE = YES;
				IPHONEOS_DEPLOYMENT_TARGET = 15.5;
				MTL_ENABLE_DEBUG_INFO = INCLUDE_SOURCE;
				MTL_FAST_MATH = YES;
				ONLY_ACTIVE_ARCH = YES;
				SDKROOT = iphoneos;
				SWIFT_ACTIVE_COMPILATION_CONDITIONS = DEBUG;
				SWIFT_OPTIMIZATION_LEVEL = "-Onone";
			};
			name = Debug;
		};
		32AA379A2864469D0046E691 /* Release */ = {
			isa = XCBuildConfiguration;
			buildSettings = {
				ALWAYS_SEARCH_USER_PATHS = NO;
				CLANG_ANALYZER_NONNULL = YES;
				CLANG_ANALYZER_NUMBER_OBJECT_CONVERSION = YES_AGGRESSIVE;
				CLANG_CXX_LANGUAGE_STANDARD = "gnu++17";
				CLANG_ENABLE_MODULES = YES;
				CLANG_ENABLE_OBJC_ARC = YES;
				CLANG_ENABLE_OBJC_WEAK = YES;
				CLANG_WARN_BLOCK_CAPTURE_AUTORELEASING = YES;
				CLANG_WARN_BOOL_CONVERSION = YES;
				CLANG_WARN_COMMA = YES;
				CLANG_WARN_CONSTANT_CONVERSION = YES;
				CLANG_WARN_DEPRECATED_OBJC_IMPLEMENTATIONS = YES;
				CLANG_WARN_DIRECT_OBJC_ISA_USAGE = YES_ERROR;
				CLANG_WARN_DOCUMENTATION_COMMENTS = YES;
				CLANG_WARN_EMPTY_BODY = YES;
				CLANG_WARN_ENUM_CONVERSION = YES;
				CLANG_WARN_INFINITE_RECURSION = YES;
				CLANG_WARN_INT_CONVERSION = YES;
				CLANG_WARN_NON_LITERAL_NULL_CONVERSION = YES;
				CLANG_WARN_OBJC_IMPLICIT_RETAIN_SELF = YES;
				CLANG_WARN_OBJC_LITERAL_CONVERSION = YES;
				CLANG_WARN_OBJC_ROOT_CLASS = YES_ERROR;
				CLANG_WARN_QUOTED_INCLUDE_IN_FRAMEWORK_HEADER = YES;
				CLANG_WARN_RANGE_LOOP_ANALYSIS = YES;
				CLANG_WARN_STRICT_PROTOTYPES = YES;
				CLANG_WARN_SUSPICIOUS_MOVE = YES;
				CLANG_WARN_UNGUARDED_AVAILABILITY = YES_AGGRESSIVE;
				CLANG_WARN_UNREACHABLE_CODE = YES;
				CLANG_WARN__DUPLICATE_METHOD_MATCH = YES;
				COPY_PHASE_STRIP = NO;
				DEBUG_INFORMATION_FORMAT = "dwarf-with-dsym";
				ENABLE_NS_ASSERTIONS = NO;
				ENABLE_STRICT_OBJC_MSGSEND = YES;
				GCC_C_LANGUAGE_STANDARD = gnu11;
				GCC_NO_COMMON_BLOCKS = YES;
				GCC_WARN_64_TO_32_BIT_CONVERSION = YES;
				GCC_WARN_ABOUT_RETURN_TYPE = YES_ERROR;
				GCC_WARN_UNDECLARED_SELECTOR = YES;
				GCC_WARN_UNINITIALIZED_AUTOS = YES_AGGRESSIVE;
				GCC_WARN_UNUSED_FUNCTION = YES;
				GCC_WARN_UNUSED_VARIABLE = YES;
				IPHONEOS_DEPLOYMENT_TARGET = 15.5;
				MTL_ENABLE_DEBUG_INFO = NO;
				MTL_FAST_MATH = YES;
				SDKROOT = iphoneos;
				SWIFT_COMPILATION_MODE = wholemodule;
				SWIFT_OPTIMIZATION_LEVEL = "-O";
				VALIDATE_PRODUCT = YES;
			};
			name = Release;
		};
		32AA379C2864469D0046E691 /* Debug */ = {
			isa = XCBuildConfiguration;
			buildSettings = {
				ASSETCATALOG_COMPILER_APPICON_NAME = AppIcon;
				ASSETCATALOG_COMPILER_GLOBAL_ACCENT_COLOR_NAME = AccentColor;
				CODE_SIGN_STYLE = Automatic;
				CURRENT_PROJECT_VERSION = 1;
				DEVELOPMENT_TEAM = 87J7WT48DW;
				GENERATE_INFOPLIST_FILE = YES;
				INFOPLIST_FILE = helloWorld.try1/Info.plist;
				INFOPLIST_KEY_UIApplicationSupportsIndirectInputEvents = YES;
				INFOPLIST_KEY_UILaunchStoryboardName = LaunchScreen;
				INFOPLIST_KEY_UIMainStoryboardFile = Main;
				INFOPLIST_KEY_UISupportedInterfaceOrientations_iPad = "UIInterfaceOrientationPortrait UIInterfaceOrientationPortraitUpsideDown UIInterfaceOrientationLandscapeLeft UIInterfaceOrientationLandscapeRight";
				INFOPLIST_KEY_UISupportedInterfaceOrientations_iPhone = "UIInterfaceOrientationPortrait UIInterfaceOrientationLandscapeLeft UIInterfaceOrientationLandscapeRight";
				LD_RUNPATH_SEARCH_PATHS = (
					"$(inherited)",
					"@executable_path/Frameworks",
				);
				MARKETING_VERSION = 1.0;
				PRODUCT_BUNDLE_IDENTIFIER = "SS.helloWorld-try1";
				PRODUCT_NAME = "$(TARGET_NAME)";
				SWIFT_EMIT_LOC_STRINGS = YES;
				SWIFT_VERSION = 5.0;
				TARGETED_DEVICE_FAMILY = "1,2";
			};
			name = Debug;
		};
		32AA379D2864469D0046E691 /* Release */ = {
			isa = XCBuildConfiguration;
			buildSettings = {
				ASSETCATALOG_COMPILER_APPICON_NAME = AppIcon;
				ASSETCATALOG_COMPILER_GLOBAL_ACCENT_COLOR_NAME = AccentColor;
				CODE_SIGN_STYLE = Automatic;
				CURRENT_PROJECT_VERSION = 1;
				DEVELOPMENT_TEAM = 87J7WT48DW;
				GENERATE_INFOPLIST_FILE = YES;
				INFOPLIST_FILE = helloWorld.try1/Info.plist;
				INFOPLIST_KEY_UIApplicationSupportsIndirectInputEvents = YES;
				INFOPLIST_KEY_UILaunchStoryboardName = LaunchScreen;
				INFOPLIST_KEY_UIMainStoryboardFile = Main;
				INFOPLIST_KEY_UISupportedInterfaceOrientations_iPad = "UIInterfaceOrientationPortrait UIInterfaceOrientationPortraitUpsideDown UIInterfaceOrientationLandscapeLeft UIInterfaceOrientationLandscapeRight";
				INFOPLIST_KEY_UISupportedInterfaceOrientations_iPhone = "UIInterfaceOrientationPortrait UIInterfaceOrientationLandscapeLeft UIInterfaceOrientationLandscapeRight";
				LD_RUNPATH_SEARCH_PATHS = (
					"$(inherited)",
					"@executable_path/Frameworks",
				);
				MARKETING_VERSION = 1.0;
				PRODUCT_BUNDLE_IDENTIFIER = "SS.helloWorld-try1";
				PRODUCT_NAME = "$(TARGET_NAME)";
				SWIFT_EMIT_LOC_STRINGS = YES;
				SWIFT_VERSION = 5.0;
				TARGETED_DEVICE_FAMILY = "1,2";
			};
			name = Release;
		};
		32AA379F2864469D0046E691 /* Debug */ = {
			isa = XCBuildConfiguration;
			buildSettings = {
				ALWAYS_EMBED_SWIFT_STANDARD_LIBRARIES = YES;
				BUNDLE_LOADER = "$(TEST_HOST)";
				CODE_SIGN_STYLE = Automatic;
				CURRENT_PROJECT_VERSION = 1;
				DEVELOPMENT_TEAM = 87J7WT48DW;
				GENERATE_INFOPLIST_FILE = YES;
				IPHONEOS_DEPLOYMENT_TARGET = 15.5;
				MARKETING_VERSION = 1.0;
				PRODUCT_BUNDLE_IDENTIFIER = "SS.helloWorld-try1Tests";
				PRODUCT_NAME = "$(TARGET_NAME)";
				SWIFT_EMIT_LOC_STRINGS = NO;
				SWIFT_VERSION = 5.0;
				TARGETED_DEVICE_FAMILY = "1,2";
				TEST_HOST = "$(BUILT_PRODUCTS_DIR)/helloWorld.try1.app/helloWorld.try1";
			};
			name = Debug;
		};
		32AA37A02864469D0046E691 /* Release */ = {
			isa = XCBuildConfiguration;
			buildSettings = {
				ALWAYS_EMBED_SWIFT_STANDARD_LIBRARIES = YES;
				BUNDLE_LOADER = "$(TEST_HOST)";
				CODE_SIGN_STYLE = Automatic;
				CURRENT_PROJECT_VERSION = 1;
				DEVELOPMENT_TEAM = 87J7WT48DW;
				GENERATE_INFOPLIST_FILE = YES;
				IPHONEOS_DEPLOYMENT_TARGET = 15.5;
				MARKETING_VERSION = 1.0;
				PRODUCT_BUNDLE_IDENTIFIER = "SS.helloWorld-try1Tests";
				PRODUCT_NAME = "$(TARGET_NAME)";
				SWIFT_EMIT_LOC_STRINGS = NO;
				SWIFT_VERSION = 5.0;
				TARGETED_DEVICE_FAMILY = "1,2";
				TEST_HOST = "$(BUILT_PRODUCTS_DIR)/helloWorld.try1.app/helloWorld.try1";
			};
			name = Release;
		};
		32AA37A22864469D0046E691 /* Debug */ = {
			isa = XCBuildConfiguration;
			buildSettings = {
				ALWAYS_EMBED_SWIFT_STANDARD_LIBRARIES = YES;
				CODE_SIGN_STYLE = Automatic;
				CURRENT_PROJECT_VERSION = 1;
				DEVELOPMENT_TEAM = 87J7WT48DW;
				GENERATE_INFOPLIST_FILE = YES;
				MARKETING_VERSION = 1.0;
				PRODUCT_BUNDLE_IDENTIFIER = "SS.helloWorld-try1UITests";
				PRODUCT_NAME = "$(TARGET_NAME)";
				SWIFT_EMIT_LOC_STRINGS = NO;
				SWIFT_VERSION = 5.0;
				TARGETED_DEVICE_FAMILY = "1,2";
				TEST_TARGET_NAME = helloWorld.try1;
			};
			name = Debug;
		};
		32AA37A32864469D0046E691 /* Release */ = {
			isa = XCBuildConfiguration;
			buildSettings = {
				ALWAYS_EMBED_SWIFT_STANDARD_LIBRARIES = YES;
				CODE_SIGN_STYLE = Automatic;
				CURRENT_PROJECT_VERSION = 1;
				DEVELOPMENT_TEAM = 87J7WT48DW;
				GENERATE_INFOPLIST_FILE = YES;
				MARKETING_VERSION = 1.0;
				PRODUCT_BUNDLE_IDENTIFIER = "SS.helloWorld-try1UITests";
				PRODUCT_NAME = "$(TARGET_NAME)";
				SWIFT_EMIT_LOC_STRINGS = NO;
				SWIFT_VERSION = 5.0;
				TARGETED_DEVICE_FAMILY = "1,2";
				TEST_TARGET_NAME = helloWorld.try1;
			};
			name = Release;
		};
/* End XCBuildConfiguration section */

/* Begin XCConfigurationList section */
		32AA37692864469C0046E691 /* Build configuration list for PBXProject "helloWorld.try1" */ = {
			isa = XCConfigurationList;
			buildConfigurations = (
				32AA37992864469D0046E691 /* Debug */,
				32AA379A2864469D0046E691 /* Release */,
			);
			defaultConfigurationIsVisible = 0;
			defaultConfigurationName = Release;
		};
		32AA379B2864469D0046E691 /* Build configuration list for PBXNativeTarget "helloWorld.try1" */ = {
			isa = XCConfigurationList;
			buildConfigurations = (
				32AA379C2864469D0046E691 /* Debug */,
				32AA379D2864469D0046E691 /* Release */,
			);
			defaultConfigurationIsVisible = 0;
			defaultConfigurationName = Release;
		};
		32AA379E2864469D0046E691 /* Build configuration list for PBXNativeTarget "helloWorld.try1Tests" */ = {
			isa = XCConfigurationList;
			buildConfigurations = (
				32AA379F2864469D0046E691 /* Debug */,
				32AA37A02864469D0046E691 /* Release */,
			);
			defaultConfigurationIsVisible = 0;
			defaultConfigurationName = Release;
		};
		32AA37A12864469D0046E691 /* Build configuration list for PBXNativeTarget "helloWorld.try1UITests" */ = {
			isa = XCConfigurationList;
			buildConfigurations = (
				32AA37A22864469D0046E691 /* Debug */,
				32AA37A32864469D0046E691 /* Release */,
			);
			defaultConfigurationIsVisible = 0;
			defaultConfigurationName = Release;
		};
/* End XCConfigurationList section */

/* Begin XCVersionGroup section */
		32AA377A2864469C0046E691 /* helloWorld_try1.xcdatamodeld */ = {
			isa = XCVersionGroup;
			children = (
				32AA377B2864469C0046E691 /* helloWorld_try1.xcdatamodel */,
			);
			currentVersion = 32AA377B2864469C0046E691 /* helloWorld_try1.xcdatamodel */;
			path = helloWorld_try1.xcdatamodeld;
			sourceTree = "<group>";
			versionGroupType = wrapper.xcdatamodel;
		};
/* End XCVersionGroup section */
	};
	rootObject = 32AA37662864469C0046E691 /* Project object */;
}
